
Microsoft Visual Studio Solution File, Format Version 12.00
# Visual Studio Version 17
VisualStudioVersion = 17.4.33213.308
MinimumVisualStudioVersion = 10.0.40219.1
Project("{FAE04EC0-301F-11D3-BF4B-00C04F79EFBC}") = "mefit_backend", "mefit_backend\mefit_backend.csproj", "{851E1F14-8595-4BDD-94A0-759CF19DB1D9}"
EndProject
Global
	GlobalSection(SolutionConfigurationPlatforms) = preSolution
		Debug|Any CPU = Debug|Any CPU
		Release|Any CPU = Release|Any CPU
	EndGlobalSection
	GlobalSection(ProjectConfigurationPlatforms) = postSolution
		{851E1F14-8595-4BDD-94A0-759CF19DB1D9}.Debug|Any CPU.ActiveCfg = Debug|Any CPU
		{851E1F14-8595-4BDD-94A0-759CF19DB1D9}.Debug|Any CPU.Build.0 = Debug|Any CPU
		{851E1F14-8595-4BDD-94A0-759CF19DB1D9}.Release|Any CPU.ActiveCfg = Release|Any CPU
		{851E1F14-8595-4BDD-94A0-759CF19DB1D9}.Release|Any CPU.Build.0 = Release|Any CPU
	EndGlobalSection
	GlobalSection(SolutionProperties) = preSolution
		HideSolutionNode = FALSE
	EndGlobalSection
	GlobalSection(ExtensibilityGlobals) = postSolution
		SolutionGuid = {149F97B7-E86F-424B-B1B5-A7FF439D3C3B}
	EndGlobalSection
EndGlobal
